# This file is generated by running "yarn install" inside your project.
# Manual changes might be lost - proceed with caution!

__metadata:
  version: 8
  cacheKey: 10

"camelcase@npm:^8.0.0":
  version: 8.0.0
  resolution: "camelcase@npm:8.0.0"
  checksum: 10/6da7abe997af29e80052f17aa21628c7cce14af364cef9f07a2a44d59614dd6f361d405f121938e673424d673697a8c53ad17be8c4b03b0a727307c4db8b5b5e
  languageName: node
  linkType: hard

"classnames@npm:^2.2.5":
  version: 2.5.1
  resolution: "classnames@npm:2.5.1"
  checksum: 10/58eb394e8817021b153bb6e7d782cfb667e4ab390cb2e9dac2fc7c6b979d1cc2b2a733093955fc5c94aa79ef5c8c89f11ab77780894509be6afbb91dddd79d15
  languageName: node
  linkType: hard

"core-js@npm:^3.1.3":
  version: 3.37.1
  resolution: "core-js@npm:3.37.1"
  checksum: 10/25d6bd15fcc6ffd2a0ec0be57a78ff3358b3e1fdffdb6800fc93dcfdb3854037aee41f3d101aed8c37905d107daf98218b3e7ee95cec383710d2a66a5d9e541b
  languageName: node
  linkType: hard

"feather-icons@npm:^4.29.2":
  version: 4.29.2
  resolution: "feather-icons@npm:4.29.2"
  dependencies:
    classnames: "npm:^2.2.5"
    core-js: "npm:^3.1.3"
  checksum: 10/38436ff0deeedbe09a0bf99fb857d3e6f2d7730dafb3fd9579ba24f82c76eecd7cd19b0adaa95541cf943f7649ac9aac5e3fe9ee4b9e23e9c7ccf3082626b435
  languageName: node
  linkType: hard

"prettier@npm:^3.2.5":
  version: 3.2.5
  resolution: "prettier@npm:3.2.5"
  bin:
    prettier: bin/prettier.cjs
  checksum: 10/d509f9da0b70e8cacc561a1911c0d99ec75117faed27b95cc8534cb2349667dee6351b0ca83fa9d5703f14127faa52b798de40f5705f02d843da133fc3aa416a
  languageName: node
  linkType: hard

"vue-feathericons@workspace:.":
  version: 0.0.0-use.local
  resolution: "vue-feathericons@workspace:."
  dependencies:
    camelcase: "npm:^8.0.0"
    feather-icons: "npm:^4.29.2"
    prettier: "npm:^3.2.5"
  peerDependencies:
    vue: ">= 3"
  languageName: unknown
  linkType: soft
